{
  "nodes": {
    "nixpkgs": {
      "locked": {
        "lastModified": 1755615617,
        "narHash": "sha256-HMwfAJBdrr8wXAkbGhtcby1zGFvs+StOp19xNsbqdOg=",
        "owner": "nixos",
        "repo": "nixpkgs",
        "rev": "20075955deac2583bb12f07151c2df830ef346b4",
        "type": "github"
      },
      "original": {
        "owner": "nixos",
        "ref": "nixos-unstable",
        "repo": "nixpkgs",
        "type": "github"
      }
    },
    "root": {
      "inputs": {
        "nixpkgs": "nixpkgs",
        "templates": "templates"
      }
    },
    "templates": {
      "locked": {
        "lastModified": 1753391862,
        "narHash": "sha256-GVjGIXdY3txViIZ6IfDkCECx8yFf0bBx8ogkHV5fbwk=",
        "owner": "hyperpastel",
        "repo": "flake-templates",
        "rev": "094ff2283b34647f71dc18d70a73ddcfae670157",
        "type": "github"
      },
      "original": {
        "owner": "hyperpastel",
        "repo": "flake-templates",
        "type": "github"
      }
    }
  },
  "root": "root",
  "version": 7
}
